<?xml version="1.0" encoding="utf-8"?>
<Project ToolsVersion="4.0" xmlns="http://schemas.microsoft.com/developer/msbuild/2003">
  <ItemGroup>
    <Filter Include="소스 파일">
      <UniqueIdentifier>{4FC737F1-C7A5-4376-A066-2A32D752A2FF}</UniqueIdentifier>
      <Extensions>cpp;c;cc;cxx;def;odl;idl;hpj;bat;asm;asmx</Extensions>
    </Filter>
    <Filter Include="헤더 파일">
      <UniqueIdentifier>{93995380-89BD-4b04-88EB-625FBE52EBFB}</UniqueIdentifier>
      <Extensions>h;hh;hpp;hxx;hm;inl;inc;xsd</Extensions>
    </Filter>
    <Filter Include="리소스 파일">
      <UniqueIdentifier>{67DA6AB6-F800-4c08-8B7A-83BB121AAD01}</UniqueIdentifier>
      <Extensions>rc;ico;cur;bmp;dlg;rc2;rct;bin;rgs;gif;jpg;jpeg;jpe;resx;tiff;tif;png;wav;mfcribbon-ms</Extensions>
    </Filter>
  </ItemGroup>
  <ItemGroup>
    <Text Include="ReadMe.txt" />
    <Text Include="res\ETCONG_STORY.txt" />
  </ItemGroup>
  <ItemGroup>
    <ClInclude Include="ETCONG.h">
      <Filter>헤더 파일</Filter>
    </ClInclude>
    <ClInclude Include="stdafx.h">
      <Filter>헤더 파일</Filter>
    </ClInclude>
    <ClInclude Include="targetver.h">
      <Filter>헤더 파일</Filter>
    </ClInclude>
    <ClInclude Include="MainFrm.h">
      <Filter>헤더 파일</Filter>
    </ClInclude>
    <ClInclude Include="ETCONGDoc.h">
      <Filter>헤더 파일</Filter>
    </ClInclude>
    <ClInclude Include="ETCONGView.h">
      <Filter>헤더 파일</Filter>
    </ClInclude>
    <ClInclude Include="Resource.h">
      <Filter>헤더 파일</Filter>
    </ClInclude>
    <ClInclude Include="Player.h">
      <Filter>헤더 파일</Filter>
    </ClInclude>
    <ClInclude Include="SoundPlayer.h">
      <Filter>헤더 파일</Filter>
    </ClInclude>
    <ClInclude Include="CustomThread.h">
      <Filter>헤더 파일</Filter>
    </ClInclude>
    <ClInclude Include="MyAnimation.h">
      <Filter>헤더 파일</Filter>
    </ClInclude>
    <ClInclude Include="BulletCalculate.h">
      <Filter>헤더 파일</Filter>
    </ClInclude>
    <ClInclude Include="Enemy.h">
      <Filter>헤더 파일</Filter>
    </ClInclude>
    <ClInclude Include="GameGraphics.h">
      <Filter>헤더 파일</Filter>
    </ClInclude>
    <ClInclude Include="SCREEN_STORY.h">
      <Filter>헤더 파일</Filter>
    </ClInclude>
    <ClInclude Include="SCREEN_GAME.h">
      <Filter>헤더 파일</Filter>
    </ClInclude>
    <ClInclude Include="SCREEN_NAME.h">
      <Filter>헤더 파일</Filter>
    </ClInclude>
    <ClInclude Include="SCREEN_START.h">
      <Filter>헤더 파일</Filter>
    </ClInclude>
    <ClInclude Include="NewView.h">
      <Filter>헤더 파일</Filter>
    </ClInclude>
  </ItemGroup>
  <ItemGroup>
    <ClCompile Include="ETCONG.cpp">
      <Filter>소스 파일</Filter>
    </ClCompile>
    <ClCompile Include="stdafx.cpp">
      <Filter>소스 파일</Filter>
    </ClCompile>
    <ClCompile Include="MainFrm.cpp">
      <Filter>소스 파일</Filter>
    </ClCompile>
    <ClCompile Include="ETCONGDoc.cpp">
      <Filter>소스 파일</Filter>
    </ClCompile>
    <ClCompile Include="ETCONGView.cpp">
      <Filter>소스 파일</Filter>
    </ClCompile>
    <ClCompile Include="Player.cpp">
      <Filter>소스 파일</Filter>
    </ClCompile>
    <ClCompile Include="SoundPlayer.cpp">
      <Filter>소스 파일</Filter>
    </ClCompile>
    <ClCompile Include="CustomThread.cpp">
      <Filter>소스 파일</Filter>
    </ClCompile>
    <ClCompile Include="MyAnimation.cpp">
      <Filter>소스 파일</Filter>
    </ClCompile>
    <ClCompile Include="BulletCalculate.cpp">
      <Filter>소스 파일</Filter>
    </ClCompile>
    <ClCompile Include="Enemy.cpp">
      <Filter>소스 파일</Filter>
    </ClCompile>
    <ClCompile Include="GameGraphics.cpp">
      <Filter>소스 파일</Filter>
    </ClCompile>
    <ClCompile Include="SCREEN_GAME.cpp">
      <Filter>소스 파일</Filter>
    </ClCompile>
    <ClCompile Include="SCREEN_NAME.cpp">
      <Filter>소스 파일</Filter>
    </ClCompile>
    <ClCompile Include="SCREEN_START.cpp">
      <Filter>소스 파일</Filter>
    </ClCompile>
    <ClCompile Include="SCREEN_STORY.cpp">
      <Filter>소스 파일</Filter>
    </ClCompile>
    <ClCompile Include="NewView.cpp">
      <Filter>소스 파일</Filter>
    </ClCompile>
  </ItemGroup>
  <ItemGroup>
    <ResourceCompile Include="ETCONG.rc">
      <Filter>리소스 파일</Filter>
    </ResourceCompile>
  </ItemGroup>
  <ItemGroup>
    <None Include="res\ETCONG.rc2">
      <Filter>리소스 파일</Filter>
    </None>
    <None Include="ETCONG.APS" />
  </ItemGroup>
  <ItemGroup>
    <Image Include="res\ETCONGDoc.ico">
      <Filter>리소스 파일</Filter>
    </Image>
    <Image Include="res\ETCONG.ico">
      <Filter>리소스 파일</Filter>
    </Image>
    <Image Include="res\player.png">
      <Filter>리소스 파일</Filter>
    </Image>
    <Image Include="res\background.png">
      <Filter>리소스 파일</Filter>
    </Image>
    <Image Include="res\attack.png">
      <Filter>리소스 파일</Filter>
    </Image>
    <Image Include="res\error.png">
      <Filter>리소스 파일</Filter>
    </Image>
    <Image Include="res\9.png">
      <Filter>리소스 파일</Filter>
    </Image>
    <Image Include="res\2.png">
      <Filter>리소스 파일</Filter>
    </Image>
    <Image Include="res\3.png">
      <Filter>리소스 파일</Filter>
    </Image>
    <Image Include="res\4.png">
      <Filter>리소스 파일</Filter>
    </Image>
    <Image Include="res\5.png">
      <Filter>리소스 파일</Filter>
    </Image>
    <Image Include="res\6.png">
      <Filter>리소스 파일</Filter>
    </Image>
    <Image Include="res\7.png">
      <Filter>리소스 파일</Filter>
    </Image>
    <Image Include="res\8.png">
      <Filter>리소스 파일</Filter>
    </Image>
    <Image Include="res\1.png">
      <Filter>리소스 파일</Filter>
    </Image>
    <Image Include="res\BGImage.bmp">
      <Filter>리소스 파일</Filter>
    </Image>
    <Image Include="res\bgtest.bmp">
      <Filter>리소스 파일</Filter>
    </Image>
    <Image Include="res\bitmap1.bmp">
      <Filter>리소스 파일</Filter>
    </Image>
    <Image Include="res\bitmap2.bmp">
      <Filter>리소스 파일</Filter>
    </Image>
    <Image Include="res\bullet.png">
      <Filter>리소스 파일</Filter>
    </Image>
    <Image Include="res\Button3.bmp">
      <Filter>리소스 파일</Filter>
    </Image>
    <Image Include="res\Button3.png">
      <Filter>리소스 파일</Filter>
    </Image>
    <Image Include="res\foreverTest.gif">
      <Filter>리소스 파일</Filter>
    </Image>
    <Image Include="res\mine1.jpg">
      <Filter>리소스 파일</Filter>
    </Image>
    <Image Include="res\mine2.jpg">
      <Filter>리소스 파일</Filter>
    </Image>
    <Image Include="res\mine3.jpg">
      <Filter>리소스 파일</Filter>
    </Image>
    <Image Include="res\mine4.jpg">
      <Filter>리소스 파일</Filter>
    </Image>
    <Image Include="res\mine5.jpg">
      <Filter>리소스 파일</Filter>
    </Image>
    <Image Include="res\mine6.jpg">
      <Filter>리소스 파일</Filter>
    </Image>
    <Image Include="res\onceTest.gif">
      <Filter>리소스 파일</Filter>
    </Image>
    <Image Include="res\t.png">
      <Filter>리소스 파일</Filter>
    </Image>
    <Image Include="res\히오스명언.PNG">
      <Filter>리소스 파일</Filter>
    </Image>
    <Image Include="res\bitmap4.bmp">
      <Filter>리소스 파일</Filter>
    </Image>
    <Image Include="res\bitmap5.bmp">
      <Filter>리소스 파일</Filter>
    </Image>
  </ItemGroup>
  <ItemGroup>
    <Media Include="res\testMusic.mp3" />
    <Media Include="res\testMusic.wav">
      <Filter>리소스 파일</Filter>
    </Media>
  </ItemGroup>
</Project>